// !$*UTF8*$!
{
	archiveVersion = 1;
	classes = {
	};
	objectVersion = 46;
	objects = {

/* Begin PBXBuildFile section */
		8663104A1BB1C06B00827DFE /* PunchListController.m in Sources */ = {isa = PBXBuildFile; fileRef = 866310491BB1C06B00827DFE /* PunchListController.m */; settings = {ASSET_TAGS = (); }; };
		8663104D1BB1C30B00827DFE /* PHBusiness.m in Sources */ = {isa = PBXBuildFile; fileRef = 8663104C1BB1C30B00827DFE /* PHBusiness.m */; settings = {ASSET_TAGS = (); }; };
		866310501BB1CB5300827DFE /* punchCell.m in Sources */ = {isa = PBXBuildFile; fileRef = 8663104F1BB1CB5300827DFE /* punchCell.m */; settings = {ASSET_TAGS = (); }; };
		866310531BB378AF00827DFE /* PunchDetailView.m in Sources */ = {isa = PBXBuildFile; fileRef = 866310521BB378AF00827DFE /* PunchDetailView.m */; settings = {ASSET_TAGS = (); }; };
		867768D01BAABA53003F7556 /* Bolts.framework in Frameworks */ = {isa = PBXBuildFile; fileRef = 867768CE1BAABA53003F7556 /* Bolts.framework */; settings = {ASSET_TAGS = (); }; };
		867768D11BAABA53003F7556 /* Parse.framework in Frameworks */ = {isa = PBXBuildFile; fileRef = 867768CF1BAABA53003F7556 /* Parse.framework */; settings = {ASSET_TAGS = (); }; };
		867768D31BAABD1D003F7556 /* libsqlite3.tbd in Frameworks */ = {isa = PBXBuildFile; fileRef = 867768D21BAABD1D003F7556 /* libsqlite3.tbd */; };
		867768D51BAABD24003F7556 /* libz.tbd in Frameworks */ = {isa = PBXBuildFile; fileRef = 867768D41BAABD24003F7556 /* libz.tbd */; };
		867768DE1BAABD6F003F7556 /* AudioToolbox.framework in Frameworks */ = {isa = PBXBuildFile; fileRef = 867768D61BAABD6F003F7556 /* AudioToolbox.framework */; };
		867768DF1BAABD6F003F7556 /* CFNetwork.framework in Frameworks */ = {isa = PBXBuildFile; fileRef = 867768D71BAABD6F003F7556 /* CFNetwork.framework */; };
		867768E01BAABD6F003F7556 /* CoreGraphics.framework in Frameworks */ = {isa = PBXBuildFile; fileRef = 867768D81BAABD6F003F7556 /* CoreGraphics.framework */; };
		867768E11BAABD6F003F7556 /* CoreLocation.framework in Frameworks */ = {isa = PBXBuildFile; fileRef = 867768D91BAABD6F003F7556 /* CoreLocation.framework */; };
		867768E21BAABD6F003F7556 /* QuartzCore.framework in Frameworks */ = {isa = PBXBuildFile; fileRef = 867768DA1BAABD6F003F7556 /* QuartzCore.framework */; };
		867768E31BAABD6F003F7556 /* Security.framework in Frameworks */ = {isa = PBXBuildFile; fileRef = 867768DB1BAABD6F003F7556 /* Security.framework */; };
		867768E41BAABD6F003F7556 /* StoreKit.framework in Frameworks */ = {isa = PBXBuildFile; fileRef = 867768DC1BAABD6F003F7556 /* StoreKit.framework */; };
		867768E51BAABD6F003F7556 /* SystemConfiguration.framework in Frameworks */ = {isa = PBXBuildFile; fileRef = 867768DD1BAABD6F003F7556 /* SystemConfiguration.framework */; };
		86EEF2431BA8B6CA00F0ADDF /* main.m in Sources */ = {isa = PBXBuildFile; fileRef = 86EEF2421BA8B6CA00F0ADDF /* main.m */; };
		86EEF2461BA8B6CA00F0ADDF /* AppDelegate.m in Sources */ = {isa = PBXBuildFile; fileRef = 86EEF2451BA8B6CA00F0ADDF /* AppDelegate.m */; };
		86EEF2491BA8B6CA00F0ADDF /* FirstViewController.m in Sources */ = {isa = PBXBuildFile; fileRef = 86EEF2481BA8B6CA00F0ADDF /* FirstViewController.m */; };
		86EEF24C1BA8B6CA00F0ADDF /* SecondViewController.m in Sources */ = {isa = PBXBuildFile; fileRef = 86EEF24B1BA8B6CA00F0ADDF /* SecondViewController.m */; };
		86EEF24F1BA8B6CA00F0ADDF /* Main.storyboard in Resources */ = {isa = PBXBuildFile; fileRef = 86EEF24D1BA8B6CA00F0ADDF /* Main.storyboard */; };
		86EEF2511BA8B6CA00F0ADDF /* Images.xcassets in Resources */ = {isa = PBXBuildFile; fileRef = 86EEF2501BA8B6CA00F0ADDF /* Images.xcassets */; };
		86EEF2541BA8B6CA00F0ADDF /* LaunchScreen.xib in Resources */ = {isa = PBXBuildFile; fileRef = 86EEF2521BA8B6CA00F0ADDF /* LaunchScreen.xib */; };
		86EEF2601BA8B6CB00F0ADDF /* PawPunchTests.m in Sources */ = {isa = PBXBuildFile; fileRef = 86EEF25F1BA8B6CB00F0ADDF /* PawPunchTests.m */; };
		86EEF26A1BAA814E00F0ADDF /* beep.mp3 in Resources */ = {isa = PBXBuildFile; fileRef = 86EEF2691BAA814E00F0ADDF /* beep.mp3 */; };
/* End PBXBuildFile section */

/* Begin PBXContainerItemProxy section */
		86EEF25A1BA8B6CA00F0ADDF /* PBXContainerItemProxy */ = {
			isa = PBXContainerItemProxy;
			containerPortal = 86EEF2351BA8B6CA00F0ADDF /* Project object */;
			proxyType = 1;
			remoteGlobalIDString = 86EEF23C1BA8B6CA00F0ADDF;
			remoteInfo = PawPunch;
		};
/* End PBXContainerItemProxy section */

/* Begin PBXFileReference section */
		866310481BB1C06B00827DFE /* PunchListController.h */ = {isa = PBXFileReference; fileEncoding = 4; lastKnownFileType = sourcecode.c.h; path = PunchListController.h; sourceTree = "<group>"; };
		866310491BB1C06B00827DFE /* PunchListController.m */ = {isa = PBXFileReference; fileEncoding = 4; lastKnownFileType = sourcecode.c.objc; path = PunchListController.m; sourceTree = "<group>"; };
		8663104B1BB1C30B00827DFE /* PHBusiness.h */ = {isa = PBXFileReference; fileEncoding = 4; lastKnownFileType = sourcecode.c.h; path = PHBusiness.h; sourceTree = "<group>"; };
		8663104C1BB1C30B00827DFE /* PHBusiness.m */ = {isa = PBXFileReference; fileEncoding = 4; lastKnownFileType = sourcecode.c.objc; path = PHBusiness.m; sourceTree = "<group>"; };
		8663104E1BB1CB5300827DFE /* punchCell.h */ = {isa = PBXFileReference; fileEncoding = 4; lastKnownFileType = sourcecode.c.h; path = punchCell.h; sourceTree = "<group>"; };
		8663104F1BB1CB5300827DFE /* punchCell.m */ = {isa = PBXFileReference; fileEncoding = 4; lastKnownFileType = sourcecode.c.objc; path = punchCell.m; sourceTree = "<group>"; };
		866310511BB378AF00827DFE /* PunchDetailView.h */ = {isa = PBXFileReference; fileEncoding = 4; lastKnownFileType = sourcecode.c.h; path = PunchDetailView.h; sourceTree = "<group>"; };
		866310521BB378AF00827DFE /* PunchDetailView.m */ = {isa = PBXFileReference; fileEncoding = 4; lastKnownFileType = sourcecode.c.objc; path = PunchDetailView.m; sourceTree = "<group>"; };
		867768CE1BAABA53003F7556 /* Bolts.framework */ = {isa = PBXFileReference; lastKnownFileType = wrapper.framework; path = Bolts.framework; sourceTree = "<group>"; };
		867768CF1BAABA53003F7556 /* Parse.framework */ = {isa = PBXFileReference; lastKnownFileType = wrapper.framework; path = Parse.framework; sourceTree = "<group>"; };
		867768D21BAABD1D003F7556 /* libsqlite3.tbd */ = {isa = PBXFileReference; lastKnownFileType = "sourcecode.text-based-dylib-definition"; name = libsqlite3.tbd; path = usr/lib/libsqlite3.tbd; sourceTree = SDKROOT; };
		867768D41BAABD24003F7556 /* libz.tbd */ = {isa = PBXFileReference; lastKnownFileType = "sourcecode.text-based-dylib-definition"; name = libz.tbd; path = usr/lib/libz.tbd; sourceTree = SDKROOT; };
		867768D61BAABD6F003F7556 /* AudioToolbox.framework */ = {isa = PBXFileReference; lastKnownFileType = wrapper.framework; name = AudioToolbox.framework; path = System/Library/Frameworks/AudioToolbox.framework; sourceTree = SDKROOT; };
		867768D71BAABD6F003F7556 /* CFNetwork.framework */ = {isa = PBXFileReference; lastKnownFileType = wrapper.framework; name = CFNetwork.framework; path = System/Library/Frameworks/CFNetwork.framework; sourceTree = SDKROOT; };
		867768D81BAABD6F003F7556 /* CoreGraphics.framework */ = {isa = PBXFileReference; lastKnownFileType = wrapper.framework; name = CoreGraphics.framework; path = System/Library/Frameworks/CoreGraphics.framework; sourceTree = SDKROOT; };
		867768D91BAABD6F003F7556 /* CoreLocation.framework */ = {isa = PBXFileReference; lastKnownFileType = wrapper.framework; name = CoreLocation.framework; path = System/Library/Frameworks/CoreLocation.framework; sourceTree = SDKROOT; };
		867768DA1BAABD6F003F7556 /* QuartzCore.framework */ = {isa = PBXFileReference; lastKnownFileType = wrapper.framework; name = QuartzCore.framework; path = System/Library/Frameworks/QuartzCore.framework; sourceTree = SDKROOT; };
		867768DB1BAABD6F003F7556 /* Security.framework */ = {isa = PBXFileReference; lastKnownFileType = wrapper.framework; name = Security.framework; path = System/Library/Frameworks/Security.framework; sourceTree = SDKROOT; };
		867768DC1BAABD6F003F7556 /* StoreKit.framework */ = {isa = PBXFileReference; lastKnownFileType = wrapper.framework; name = StoreKit.framework; path = System/Library/Frameworks/StoreKit.framework; sourceTree = SDKROOT; };
		867768DD1BAABD6F003F7556 /* SystemConfiguration.framework */ = {isa = PBXFileReference; lastKnownFileType = wrapper.framework; name = SystemConfiguration.framework; path = System/Library/Frameworks/SystemConfiguration.framework; sourceTree = SDKROOT; };
		86EEF23D1BA8B6CA00F0ADDF /* PawPunch.app */ = {isa = PBXFileReference; explicitFileType = wrapper.application; includeInIndex = 0; path = PawPunch.app; sourceTree = BUILT_PRODUCTS_DIR; };
		86EEF2411BA8B6CA00F0ADDF /* Info.plist */ = {isa = PBXFileReference; lastKnownFileType = text.plist.xml; path = Info.plist; sourceTree = "<group>"; };
		86EEF2421BA8B6CA00F0ADDF /* main.m */ = {isa = PBXFileReference; lastKnownFileType = sourcecode.c.objc; path = main.m; sourceTree = "<group>"; };
		86EEF2441BA8B6CA00F0ADDF /* AppDelegate.h */ = {isa = PBXFileReference; lastKnownFileType = sourcecode.c.h; path = AppDelegate.h; sourceTree = "<group>"; };
		86EEF2451BA8B6CA00F0ADDF /* AppDelegate.m */ = {isa = PBXFileReference; lastKnownFileType = sourcecode.c.objc; path = AppDelegate.m; sourceTree = "<group>"; };
		86EEF2471BA8B6CA00F0ADDF /* FirstViewController.h */ = {isa = PBXFileReference; lastKnownFileType = sourcecode.c.h; path = FirstViewController.h; sourceTree = "<group>"; };
		86EEF2481BA8B6CA00F0ADDF /* FirstViewController.m */ = {isa = PBXFileReference; lastKnownFileType = sourcecode.c.objc; path = FirstViewController.m; sourceTree = "<group>"; };
		86EEF24A1BA8B6CA00F0ADDF /* SecondViewController.h */ = {isa = PBXFileReference; lastKnownFileType = sourcecode.c.h; path = SecondViewController.h; sourceTree = "<group>"; };
		86EEF24B1BA8B6CA00F0ADDF /* SecondViewController.m */ = {isa = PBXFileReference; lastKnownFileType = sourcecode.c.objc; path = SecondViewController.m; sourceTree = "<group>"; };
		86EEF24E1BA8B6CA00F0ADDF /* Base */ = {isa = PBXFileReference; lastKnownFileType = file.storyboard; name = Base; path = Base.lproj/Main.storyboard; sourceTree = "<group>"; };
		86EEF2501BA8B6CA00F0ADDF /* Images.xcassets */ = {isa = PBXFileReference; lastKnownFileType = folder.assetcatalog; path = Images.xcassets; sourceTree = "<group>"; };
		86EEF2531BA8B6CA00F0ADDF /* Base */ = {isa = PBXFileReference; lastKnownFileType = file.xib; name = Base; path = Base.lproj/LaunchScreen.xib; sourceTree = "<group>"; };
		86EEF2591BA8B6CA00F0ADDF /* PawPunchTests.xctest */ = {isa = PBXFileReference; explicitFileType = wrapper.cfbundle; includeInIndex = 0; path = PawPunchTests.xctest; sourceTree = BUILT_PRODUCTS_DIR; };
		86EEF25E1BA8B6CA00F0ADDF /* Info.plist */ = {isa = PBXFileReference; lastKnownFileType = text.plist.xml; path = Info.plist; sourceTree = "<group>"; };
		86EEF25F1BA8B6CB00F0ADDF /* PawPunchTests.m */ = {isa = PBXFileReference; lastKnownFileType = sourcecode.c.objc; path = PawPunchTests.m; sourceTree = "<group>"; };
		86EEF2691BAA814E00F0ADDF /* beep.mp3 */ = {isa = PBXFileReference; lastKnownFileType = audio.mp3; path = beep.mp3; sourceTree = "<group>"; };
/* End PBXFileReference section */

/* Begin PBXFrameworksBuildPhase section */
		86EEF23A1BA8B6CA00F0ADDF /* Frameworks */ = {
			isa = PBXFrameworksBuildPhase;
			buildActionMask = 2147483647;
			files = (
				867768DE1BAABD6F003F7556 /* AudioToolbox.framework in Frameworks */,
				867768DF1BAABD6F003F7556 /* CFNetwork.framework in Frameworks */,
				867768E01BAABD6F003F7556 /* CoreGraphics.framework in Frameworks */,
				867768E11BAABD6F003F7556 /* CoreLocation.framework in Frameworks */,
				867768E21BAABD6F003F7556 /* QuartzCore.framework in Frameworks */,
				867768E31BAABD6F003F7556 /* Security.framework in Frameworks */,
				867768E41BAABD6F003F7556 /* StoreKit.framework in Frameworks */,
				867768E51BAABD6F003F7556 /* SystemConfiguration.framework in Frameworks */,
				867768D51BAABD24003F7556 /* libz.tbd in Frameworks */,
				867768D31BAABD1D003F7556 /* libsqlite3.tbd in Frameworks */,
				867768D11BAABA53003F7556 /* Parse.framework in Frameworks */,
				867768D01BAABA53003F7556 /* Bolts.framework in Frameworks */,
			);
			runOnlyForDeploymentPostprocessing = 0;
		};
		86EEF2561BA8B6CA00F0ADDF /* Frameworks */ = {
			isa = PBXFrameworksBuildPhase;
			buildActionMask = 2147483647;
			files = (
			);
			runOnlyForDeploymentPostprocessing = 0;
		};
/* End PBXFrameworksBuildPhase section */

/* Begin PBXGroup section */
		86EEF2341BA8B6CA00F0ADDF = {
			isa = PBXGroup;
			children = (
				867768D41BAABD24003F7556 /* libz.tbd */,
				867768D21BAABD1D003F7556 /* libsqlite3.tbd */,
				86EEF23F1BA8B6CA00F0ADDF /* PawPunch */,
				86EEF25C1BA8B6CA00F0ADDF /* PawPunchTests */,
				86EEF23E1BA8B6CA00F0ADDF /* Products */,
			);
			sourceTree = "<group>";
		};
		86EEF23E1BA8B6CA00F0ADDF /* Products */ = {
			isa = PBXGroup;
			children = (
				86EEF23D1BA8B6CA00F0ADDF /* PawPunch.app */,
				86EEF2591BA8B6CA00F0ADDF /* PawPunchTests.xctest */,
			);
			name = Products;
			sourceTree = "<group>";
		};
		86EEF23F1BA8B6CA00F0ADDF /* PawPunch */ = {
			isa = PBXGroup;
			children = (
				86EEF2441BA8B6CA00F0ADDF /* AppDelegate.h */,
				86EEF2451BA8B6CA00F0ADDF /* AppDelegate.m */,
				8663104B1BB1C30B00827DFE /* PHBusiness.h */,
				8663104C1BB1C30B00827DFE /* PHBusiness.m */,
				86EEF2471BA8B6CA00F0ADDF /* FirstViewController.h */,
				86EEF2481BA8B6CA00F0ADDF /* FirstViewController.m */,
				86EEF24A1BA8B6CA00F0ADDF /* SecondViewController.h */,
				86EEF24B1BA8B6CA00F0ADDF /* SecondViewController.m */,
				8663104E1BB1CB5300827DFE /* punchCell.h */,
				8663104F1BB1CB5300827DFE /* punchCell.m */,
				866310481BB1C06B00827DFE /* PunchListController.h */,
				866310491BB1C06B00827DFE /* PunchListController.m */,
				866310511BB378AF00827DFE /* PunchDetailView.h */,
				866310521BB378AF00827DFE /* PunchDetailView.m */,
				86EEF24D1BA8B6CA00F0ADDF /* Main.storyboard */,
				86EEF2501BA8B6CA00F0ADDF /* Images.xcassets */,
				86EEF2521BA8B6CA00F0ADDF /* LaunchScreen.xib */,
				86EEF2401BA8B6CA00F0ADDF /* Supporting Files */,
			);
			path = PawPunch;
			sourceTree = "<group>";
		};
		86EEF2401BA8B6CA00F0ADDF /* Supporting Files */ = {
			isa = PBXGroup;
			children = (
				867768CE1BAABA53003F7556 /* Bolts.framework */,
				867768CF1BAABA53003F7556 /* Parse.framework */,
				867768D61BAABD6F003F7556 /* AudioToolbox.framework */,
				867768D71BAABD6F003F7556 /* CFNetwork.framework */,
				867768D81BAABD6F003F7556 /* CoreGraphics.framework */,
				867768D91BAABD6F003F7556 /* CoreLocation.framework */,
				867768DA1BAABD6F003F7556 /* QuartzCore.framework */,
				867768DB1BAABD6F003F7556 /* Security.framework */,
				867768DC1BAABD6F003F7556 /* StoreKit.framework */,
				867768DD1BAABD6F003F7556 /* SystemConfiguration.framework */,
				86EEF2691BAA814E00F0ADDF /* beep.mp3 */,
				86EEF2411BA8B6CA00F0ADDF /* Info.plist */,
				86EEF2421BA8B6CA00F0ADDF /* main.m */,
			);
			name = "Supporting Files";
			sourceTree = "<group>";
		};
		86EEF25C1BA8B6CA00F0ADDF /* PawPunchTests */ = {
			isa = PBXGroup;
			children = (
				86EEF25F1BA8B6CB00F0ADDF /* PawPunchTests.m */,
				86EEF25D1BA8B6CA00F0ADDF /* Supporting Files */,
			);
			path = PawPunchTests;
			sourceTree = "<group>";
		};
		86EEF25D1BA8B6CA00F0ADDF /* Supporting Files */ = {
			isa = PBXGroup;
			children = (
				86EEF25E1BA8B6CA00F0ADDF /* Info.plist */,
			);
			name = "Supporting Files";
			sourceTree = "<group>";
		};
/* End PBXGroup section */

/* Begin PBXNativeTarget section */
		86EEF23C1BA8B6CA00F0ADDF /* PawPunch */ = {
			isa = PBXNativeTarget;
			buildConfigurationList = 86EEF2631BA8B6CB00F0ADDF /* Build configuration list for PBXNativeTarget "PawPunch" */;
			buildPhases = (
				86EEF2391BA8B6CA00F0ADDF /* Sources */,
				86EEF23A1BA8B6CA00F0ADDF /* Frameworks */,
				86EEF23B1BA8B6CA00F0ADDF /* Resources */,
			);
			buildRules = (
			);
			dependencies = (
			);
			name = PawPunch;
			productName = PawPunch;
			productReference = 86EEF23D1BA8B6CA00F0ADDF /* PawPunch.app */;
			productType = "com.apple.product-type.application";
		};
		86EEF2581BA8B6CA00F0ADDF /* PawPunchTests */ = {
			isa = PBXNativeTarget;
			buildConfigurationList = 86EEF2661BA8B6CB00F0ADDF /* Build configuration list for PBXNativeTarget "PawPunchTests" */;
			buildPhases = (
				86EEF2551BA8B6CA00F0ADDF /* Sources */,
				86EEF2561BA8B6CA00F0ADDF /* Frameworks */,
				86EEF2571BA8B6CA00F0ADDF /* Resources */,
			);
			buildRules = (
			);
			dependencies = (
				86EEF25B1BA8B6CA00F0ADDF /* PBXTargetDependency */,
			);
			name = PawPunchTests;
			productName = PawPunchTests;
			productReference = 86EEF2591BA8B6CA00F0ADDF /* PawPunchTests.xctest */;
			productType = "com.apple.product-type.bundle.unit-test";
		};
/* End PBXNativeTarget section */

/* Begin PBXProject section */
		86EEF2351BA8B6CA00F0ADDF /* Project object */ = {
			isa = PBXProject;
			attributes = {
				LastUpgradeCheck = 0700;
				ORGANIZATIONNAME = "Amir Saifi";
				TargetAttributes = {
					86EEF23C1BA8B6CA00F0ADDF = {
						CreatedOnToolsVersion = 6.4;
						DevelopmentTeam = EBRYAYN5T7;
					};
					86EEF2581BA8B6CA00F0ADDF = {
						CreatedOnToolsVersion = 6.4;
						TestTargetID = 86EEF23C1BA8B6CA00F0ADDF;
					};
				};
			};
			buildConfigurationList = 86EEF2381BA8B6CA00F0ADDF /* Build configuration list for PBXProject "PawPunch" */;
			compatibilityVersion = "Xcode 3.2";
			developmentRegion = English;
			hasScannedForEncodings = 0;
			knownRegions = (
				en,
				Base,
			);
			mainGroup = 86EEF2341BA8B6CA00F0ADDF;
			productRefGroup = 86EEF23E1BA8B6CA00F0ADDF /* Products */;
			projectDirPath = "";
			projectRoot = "";
			targets = (
				86EEF23C1BA8B6CA00F0ADDF /* PawPunch */,
				86EEF2581BA8B6CA00F0ADDF /* PawPunchTests */,
			);
		};
/* End PBXProject section */

/* Begin PBXResourcesBuildPhase section */
		86EEF23B1BA8B6CA00F0ADDF /* Resources */ = {
			isa = PBXResourcesBuildPhase;
			buildActionMask = 2147483647;
			files = (
				86EEF24F1BA8B6CA00F0ADDF /* Main.storyboard in Resources */,
				86EEF2541BA8B6CA00F0ADDF /* LaunchScreen.xib in Resources */,
				86EEF26A1BAA814E00F0ADDF /* beep.mp3 in Resources */,
				86EEF2511BA8B6CA00F0ADDF /* Images.xcassets in Resources */,
			);
			runOnlyForDeploymentPostprocessing = 0;
		};
		86EEF2571BA8B6CA00F0ADDF /* Resources */ = {
			isa = PBXResourcesBuildPhase;
			buildActionMask = 2147483647;
			files = (
			);
			runOnlyForDeploymentPostprocessing = 0;
		};
/* End PBXResourcesBuildPhase section */

/* Begin PBXSourcesBuildPhase section */
		86EEF2391BA8B6CA00F0ADDF /* Sources */ = {
			isa = PBXSourcesBuildPhase;
			buildActionMask = 2147483647;
			files = (
				866310531BB378AF00827DFE /* PunchDetailView.m in Sources */,
				866310501BB1CB5300827DFE /* punchCell.m in Sources */,
				86EEF24C1BA8B6CA00F0ADDF /* SecondViewController.m in Sources */,
				86EEF2461BA8B6CA00F0ADDF /* AppDelegate.m in Sources */,
				86EEF2491BA8B6CA00F0ADDF /* FirstViewController.m in Sources */,
				86EEF2431BA8B6CA00F0ADDF /* main.m in Sources */,
				8663104A1BB1C06B00827DFE /* PunchListController.m in Sources */,
				8663104D1BB1C30B00827DFE /* PHBusiness.m in Sources */,
			);
			runOnlyForDeploymentPostprocessing = 0;
		};
		86EEF2551BA8B6CA00F0ADDF /* Sources */ = {
			isa = PBXSourcesBuildPhase;
			buildActionMask = 2147483647;
			files = (
				86EEF2601BA8B6CB00F0ADDF /* PawPunchTests.m in Sources */,
			);
			runOnlyForDeploymentPostprocessing = 0;
		};
/* End PBXSourcesBuildPhase section */

/* Begin PBXTargetDependency section */
		86EEF25B1BA8B6CA00F0ADDF /* PBXTargetDependency */ = {
			isa = PBXTargetDependency;
			target = 86EEF23C1BA8B6CA00F0ADDF /* PawPunch */;
			targetProxy = 86EEF25A1BA8B6CA00F0ADDF /* PBXContainerItemProxy */;
		};
/* End PBXTargetDependency section */

/* Begin PBXVariantGroup section */
		86EEF24D1BA8B6CA00F0ADDF /* Main.storyboard */ = {
			isa = PBXVariantGroup;
			children = (
				86EEF24E1BA8B6CA00F0ADDF /* Base */,
			);
			name = Main.storyboard;
			sourceTree = "<group>";
		};
		86EEF2521BA8B6CA00F0ADDF /* LaunchScreen.xib */ = {
			isa = PBXVariantGroup;
			children = (
				86EEF2531BA8B6CA00F0ADDF /* Base */,
			);
			name = LaunchScreen.xib;
			sourceTree = "<group>";
		};
/* End PBXVariantGroup section */

/* Begin XCBuildConfiguration section */
		86EEF2611BA8B6CB00F0ADDF /* Debug */ = {
			isa = XCBuildConfiguration;
			buildSettings = {
				ALWAYS_SEARCH_USER_PATHS = NO;
				CLANG_CXX_LANGUAGE_STANDARD = "gnu++0x";
				CLANG_CXX_LIBRARY = "libc++";
				CLANG_ENABLE_MODULES = YES;
				CLANG_ENABLE_OBJC_ARC = YES;
				CLANG_WARN_BOOL_CONVERSION = YES;
				CLANG_WARN_CONSTANT_CONVERSION = YES;
				CLANG_WARN_DIRECT_OBJC_ISA_USAGE = YES_ERROR;
				CLANG_WARN_EMPTY_BODY = YES;
				CLANG_WARN_ENUM_CONVERSION = YES;
				CLANG_WARN_INT_CONVERSION = YES;
				CLANG_WARN_OBJC_ROOT_CLASS = YES_ERROR;
				CLANG_WARN_UNREACHABLE_CODE = YES;
				CLANG_WARN__DUPLICATE_METHOD_MATCH = YES;
				"CODE_SIGN_IDENTITY[sdk=iphoneos*]" = "iPhone Developer";
				COPY_PHASE_STRIP = NO;
				DEBUG_INFORMATION_FORMAT = "dwarf-with-dsym";
				ENABLE_STRICT_OBJC_MSGSEND = YES;
				ENABLE_TESTABILITY = YES;
				GCC_C_LANGUAGE_STANDARD = gnu99;
				GCC_DYNAMIC_NO_PIC = NO;
				GCC_NO_COMMON_BLOCKS = YES;
				GCC_OPTIMIZATION_LEVEL = 0;
				GCC_PREPROCESSOR_DEFINITIONS = (
					"DEBUG=1",
					"$(inherited)",
				);
				GCC_SYMBOLS_PRIVATE_EXTERN = NO;
				GCC_WARN_64_TO_32_BIT_CONVERSION = YES;
				GCC_WARN_ABOUT_RETURN_TYPE = YES_ERROR;
				GCC_WARN_UNDECLARED_SELECTOR = YES;
				GCC_WARN_UNINITIALIZED_AUTOS = YES_AGGRESSIVE;
				GCC_WARN_UNUSED_FUNCTION = YES;
				GCC_WARN_UNUSED_VARIABLE = YES;
				IPHONEOS_DEPLOYMENT_TARGET = 8.4;
				MTL_ENABLE_DEBUG_INFO = YES;
				ONLY_ACTIVE_ARCH = YES;
				SDKROOT = iphoneos;
			};
			name = Debug;
		};
		86EEF2621BA8B6CB00F0ADDF /* Release */ = {
			isa = XCBuildConfiguration;
			buildSettings = {
				ALWAYS_SEARCH_USER_PATHS = NO;
				CLANG_CXX_LANGUAGE_STANDARD = "gnu++0x";
				CLANG_CXX_LIBRARY = "libc++";
				CLANG_ENABLE_MODULES = YES;
				CLANG_ENABLE_OBJC_ARC = YES;
				CLANG_WARN_BOOL_CONVERSION = YES;
				CLANG_WARN_CONSTANT_CONVERSION = YES;
				CLANG_WARN_DIRECT_OBJC_ISA_USAGE = YES_ERROR;
				CLANG_WARN_EMPTY_BODY = YES;
				CLANG_WARN_ENUM_CONVERSION = YES;
				CLANG_WARN_INT_CONVERSION = YES;
				CLANG_WARN_OBJC_ROOT_CLASS = YES_ERROR;
				CLANG_WARN_UNREACHABLE_CODE = YES;
				CLANG_WARN__DUPLICATE_METHOD_MATCH = YES;
				"CODE_SIGN_IDENTITY[sdk=iphoneos*]" = "iPhone Developer";
				COPY_PHASE_STRIP = NO;
				DEBUG_INFORMATION_FORMAT = "dwarf-with-dsym";
				ENABLE_NS_ASSERTIONS = NO;
				ENABLE_STRICT_OBJC_MSGSEND = YES;
				GCC_C_LANGUAGE_STANDARD = gnu99;
				GCC_NO_COMMON_BLOCKS = YES;
				GCC_WARN_64_TO_32_BIT_CONVERSION = YES;
				GCC_WARN_ABOUT_RETURN_TYPE = YES_ERROR;
				GCC_WARN_UNDECLARED_SELECTOR = YES;
				GCC_WARN_UNINITIALIZED_AUTOS = YES_AGGRESSIVE;
				GCC_WARN_UNUSED_FUNCTION = YES;
				GCC_WARN_UNUSED_VARIABLE = YES;
				IPHONEOS_DEPLOYMENT_TARGET = 8.4;
				MTL_ENABLE_DEBUG_INFO = NO;
				SDKROOT = iphoneos;
				VALIDATE_PRODUCT = YES;
			};
			name = Release;
		};
		86EEF2641BA8B6CB00F0ADDF /* Debug */ = {
			isa = XCBuildConfiguration;
			buildSettings = {
				ASSETCATALOG_COMPILER_APPICON_NAME = AppIcon;
				CODE_SIGN_IDENTITY = "iPhone Developer";
				"CODE_SIGN_IDENTITY[sdk=iphoneos*]" = "iPhone Developer";
				FRAMEWORK_SEARCH_PATHS = (
					"$(inherited)",
					"$(PROJECT_DIR)/PawPunch",
				);
				INFOPLIST_FILE = PawPunch/Info.plist;
				IPHONEOS_DEPLOYMENT_TARGET = 8.2;
				LD_RUNPATH_SEARCH_PATHS = "$(inherited) @executable_path/Frameworks";
				PRODUCT_BUNDLE_IDENTIFIER = "Amir.$(PRODUCT_NAME:rfc1034identifier)";
				PRODUCT_NAME = "$(TARGET_NAME)";
				PROVISIONING_PROFILE = "";
			};
			name = Debug;
		};
		86EEF2651BA8B6CB00F0ADDF /* Release */ = {
			isa = XCBuildConfiguration;
			buildSettings = {
				ASSETCATALOG_COMPILER_APPICON_NAME = AppIcon;
				CODE_SIGN_IDENTITY = "iPhone Developer";
				"CODE_SIGN_IDENTITY[sdk=iphoneos*]" = "iPhone Developer";
				FRAMEWORK_SEARCH_PATHS = (
					"$(inherited)",
					"$(PROJECT_DIR)/PawPunch",
				);
				INFOPLIST_FILE = PawPunch/Info.plist;
				IPHONEOS_DEPLOYMENT_TARGET = 8.2;
				LD_RUNPATH_SEARCH_PATHS = "$(inherited) @executable_path/Frameworks";
				PRODUCT_BUNDLE_IDENTIFIER = "Amir.$(PRODUCT_NAME:rfc1034identifier)";
				PRODUCT_NAME = "$(TARGET_NAME)";
				PROVISIONING_PROFILE = "";
			};
			name = Release;
		};
		86EEF2671BA8B6CB00F0ADDF /* Debug */ = {
			isa = XCBuildConfiguration;
			buildSettings = {
				BUNDLE_LOADER = "$(TEST_HOST)";
				FRAMEWORK_SEARCH_PATHS = (
					"$(SDKROOT)/Developer/Library/Frameworks",
					"$(inherited)",
				);
				GCC_PREPROCESSOR_DEFINITIONS = (
					"DEBUG=1",
					"$(inherited)",
				);
				INFOPLIST_FILE = PawPunchTests/Info.plist;
				LD_RUNPATH_SEARCH_PATHS = "$(inherited) @executable_path/Frameworks @loader_path/Frameworks";
				PRODUCT_BUNDLE_IDENTIFIER = "Amir.$(PRODUCT_NAME:rfc1034identifier)";
				PRODUCT_NAME = "$(TARGET_NAME)";
				TEST_HOST = "$(BUILT_PRODUCTS_DIR)/PawPunch.app/PawPunch";
			};
			name = Debug;
		};
		86EEF2681BA8B6CB00F0ADDF /* Release */ = {
			isa = XCBuildConfiguration;
			buildSettings = {
				BUNDLE_LOADER = "$(TEST_HOST)";
				FRAMEWORK_SEARCH_PATHS = (
					"$(SDKROOT)/Developer/Library/Frameworks",
					"$(inherited)",
				);
				INFOPLIST_FILE = PawPunchTests/Info.plist;
				LD_RUNPATH_SEARCH_PATHS = "$(inherited) @executable_path/Frameworks @loader_path/Frameworks";
				PRODUCT_BUNDLE_IDENTIFIER = "Amir.$(PRODUCT_NAME:rfc1034identifier)";
				PRODUCT_NAME = "$(TARGET_NAME)";
				TEST_HOST = "$(BUILT_PRODUCTS_DIR)/PawPunch.app/PawPunch";
			};
			name = Release;
		};
/* End XCBuildConfiguration section */

/* Begin XCConfigurationList section */
		86EEF2381BA8B6CA00F0ADDF /* Build configuration list for PBXProject "PawPunch" */ = {
			isa = XCConfigurationList;
			buildConfigurations = (
				86EEF2611BA8B6CB00F0ADDF /* Debug */,
				86EEF2621BA8B6CB00F0ADDF /* Release */,
			);
			defaultConfigurationIsVisible = 0;
			defaultConfigurationName = Release;
		};
		86EEF2631BA8B6CB00F0ADDF /* Build configuration list for PBXNativeTarget "PawPunch" */ = {
			isa = XCConfigurationList;
			buildConfigurations = (
				86EEF2641BA8B6CB00F0ADDF /* Debug */,
				86EEF2651BA8B6CB00F0ADDF /* Release */,
			);
			defaultConfigurationIsVisible = 0;
			defaultConfigurationName = Release;
		};
		86EEF2661BA8B6CB00F0ADDF /* Build configuration list for PBXNativeTarget "PawPunchTests" */ = {
			isa = XCConfigurationList;
			buildConfigurations = (
				86EEF2671BA8B6CB00F0ADDF /* Debug */,
				86EEF2681BA8B6CB00F0ADDF /* Release */,
			);
			defaultConfigurationIsVisible = 0;
			defaultConfigurationName = Release;
		};
/* End XCConfigurationList section */
	};
	rootObject = 86EEF2351BA8B6CA00F0ADDF /* Project object */;
}
